
Microsoft Visual Studio Solution File, Format Version 12.00
# Visual Studio Express 2012 for Windows Desktop
Project("{8BC9CEB8-8B4A-11D0-8D11-00A0C91BC942}") = "rmat", "rmat\rmat.vcxproj", "{B760CEB9-7D54-490C-B69A-F77AC7658659}"
EndProject
Project("{8BC9CEB8-8B4A-11D0-8D11-00A0C91BC942}") = "er", "er\er.vcxproj", "{C6147095-D7F3-48D6-AEE0-935D4679E4BA}"
EndProject
Project("{8BC9CEB8-8B4A-11D0-8D11-00A0C91BC942}") = "sw", "sw\sw.vcxproj", "{E0219931-9B19-405B-A3A7-41740FC56436}"
EndProject
Project("{8BC9CEB8-8B4A-11D0-8D11-00A0C91BC942}") = "ba", "ba\ba.vcxproj", "{E64395C5-461F-4AD6-AA9F-49B71BE5B5D4}"
EndProject
Global
	GlobalSection(SolutionConfigurationPlatforms) = preSolution
		Debug|Mixed Platforms = Debug|Mixed Platforms
		Debug|Win32 = Debug|Win32
		Debug|x64 = Debug|x64
		Release|Mixed Platforms = Release|Mixed Platforms
		Release|Win32 = Release|Win32
		Release|x64 = Release|x64
	EndGlobalSection
	GlobalSection(ProjectConfigurationPlatforms) = postSolution
		{B760CEB9-7D54-490C-B69A-F77AC7658659}.Debug|Mixed Platforms.ActiveCfg = Debug|Win32
		{B760CEB9-7D54-490C-B69A-F77AC7658659}.Debug|Mixed Platforms.Build.0 = Debug|Win32
		{B760CEB9-7D54-490C-B69A-F77AC7658659}.Debug|Win32.ActiveCfg = Debug|Win32
		{B760CEB9-7D54-490C-B69A-F77AC7658659}.Debug|Win32.Build.0 = Debug|Win32
		{B760CEB9-7D54-490C-B69A-F77AC7658659}.Debug|x64.ActiveCfg = Debug|x64
		{B760CEB9-7D54-490C-B69A-F77AC7658659}.Debug|x64.Build.0 = Debug|x64
		{B760CEB9-7D54-490C-B69A-F77AC7658659}.Release|Mixed Platforms.ActiveCfg = Release|Win32
		{B760CEB9-7D54-490C-B69A-F77AC7658659}.Release|Mixed Platforms.Build.0 = Release|Win32
		{B760CEB9-7D54-490C-B69A-F77AC7658659}.Release|Win32.ActiveCfg = Release|Win32
		{B760CEB9-7D54-490C-B69A-F77AC7658659}.Release|Win32.Build.0 = Release|Win32
		{B760CEB9-7D54-490C-B69A-F77AC7658659}.Release|x64.ActiveCfg = Release|x64
		{B760CEB9-7D54-490C-B69A-F77AC7658659}.Release|x64.Build.0 = Release|x64
		{C6147095-D7F3-48D6-AEE0-935D4679E4BA}.Debug|Mixed Platforms.ActiveCfg = Debug|Win32
		{C6147095-D7F3-48D6-AEE0-935D4679E4BA}.Debug|Mixed Platforms.Build.0 = Debug|Win32
		{C6147095-D7F3-48D6-AEE0-935D4679E4BA}.Debug|Win32.ActiveCfg = Debug|Win32
		{C6147095-D7F3-48D6-AEE0-935D4679E4BA}.Debug|Win32.Build.0 = Debug|Win32
		{C6147095-D7F3-48D6-AEE0-935D4679E4BA}.Debug|x64.ActiveCfg = Debug|Win32
		{C6147095-D7F3-48D6-AEE0-935D4679E4BA}.Release|Mixed Platforms.ActiveCfg = Release|Win32
		{C6147095-D7F3-48D6-AEE0-935D4679E4BA}.Release|Mixed Platforms.Build.0 = Release|Win32
		{C6147095-D7F3-48D6-AEE0-935D4679E4BA}.Release|Win32.ActiveCfg = Release|Win32
		{C6147095-D7F3-48D6-AEE0-935D4679E4BA}.Release|Win32.Build.0 = Release|Win32
		{C6147095-D7F3-48D6-AEE0-935D4679E4BA}.Release|x64.ActiveCfg = Release|Win32
		{E0219931-9B19-405B-A3A7-41740FC56436}.Debug|Mixed Platforms.ActiveCfg = Debug|Win32
		{E0219931-9B19-405B-A3A7-41740FC56436}.Debug|Mixed Platforms.Build.0 = Debug|Win32
		{E0219931-9B19-405B-A3A7-41740FC56436}.Debug|Win32.ActiveCfg = Debug|Win32
		{E0219931-9B19-405B-A3A7-41740FC56436}.Debug|Win32.Build.0 = Debug|Win32
		{E0219931-9B19-405B-A3A7-41740FC56436}.Debug|x64.ActiveCfg = Debug|Win32
		{E0219931-9B19-405B-A3A7-41740FC56436}.Release|Mixed Platforms.ActiveCfg = Release|Win32
		{E0219931-9B19-405B-A3A7-41740FC56436}.Release|Mixed Platforms.Build.0 = Release|Win32
		{E0219931-9B19-405B-A3A7-41740FC56436}.Release|Win32.ActiveCfg = Release|Win32
		{E0219931-9B19-405B-A3A7-41740FC56436}.Release|Win32.Build.0 = Release|Win32
		{E0219931-9B19-405B-A3A7-41740FC56436}.Release|x64.ActiveCfg = Release|Win32
		{E64395C5-461F-4AD6-AA9F-49B71BE5B5D4}.Debug|Mixed Platforms.ActiveCfg = Debug|Win32
		{E64395C5-461F-4AD6-AA9F-49B71BE5B5D4}.Debug|Mixed Platforms.Build.0 = Debug|Win32
		{E64395C5-461F-4AD6-AA9F-49B71BE5B5D4}.Debug|Win32.ActiveCfg = Debug|Win32
		{E64395C5-461F-4AD6-AA9F-49B71BE5B5D4}.Debug|Win32.Build.0 = Debug|Win32
		{E64395C5-461F-4AD6-AA9F-49B71BE5B5D4}.Debug|x64.ActiveCfg = Debug|Win32
		{E64395C5-461F-4AD6-AA9F-49B71BE5B5D4}.Release|Mixed Platforms.ActiveCfg = Release|Win32
		{E64395C5-461F-4AD6-AA9F-49B71BE5B5D4}.Release|Mixed Platforms.Build.0 = Release|Win32
		{E64395C5-461F-4AD6-AA9F-49B71BE5B5D4}.Release|Win32.ActiveCfg = Release|Win32
		{E64395C5-461F-4AD6-AA9F-49B71BE5B5D4}.Release|Win32.Build.0 = Release|Win32
		{E64395C5-461F-4AD6-AA9F-49B71BE5B5D4}.Release|x64.ActiveCfg = Release|Win32
	EndGlobalSection
	GlobalSection(SolutionProperties) = preSolution
		HideSolutionNode = FALSE
	EndGlobalSection
EndGlobal
